Microsoft Visual Studio Solution File, Format Version 10.00
# Visual Studio 2008
Project("{FAE04EC0-301F-11D3-BF4B-00C04F79EFBC}") = "TouchHook", "TouchHook\TouchHook.csproj", "{B685FBCC-488C-4839-8636-8B034C94B65B}"
EndProject
Global
	GlobalSection(SourceCodeControl) = preSolution
		SccNumberOfProjects = 2
		SccLocalPath0 = .
		SccProjectUniqueName1 = TouchHook\\TouchHook.csproj
		SccLocalPath1 = TouchHook
	EndGlobalSection
	GlobalSection(SolutionConfigurationPlatforms) = preSolution
		Debug|Any CPU = Debug|Any CPU
		Debug|Mixed Platforms = Debug|Mixed Platforms
		Debug|x86 = Debug|x86
		Release|Any CPU = Release|Any CPU
		Release|Mixed Platforms = Release|Mixed Platforms
		Release|x86 = Release|x86
	EndGlobalSection
	GlobalSection(ProjectConfigurationPlatforms) = postSolution
		{B685FBCC-488C-4839-8636-8B034C94B65B}.Debug|Any CPU.ActiveCfg = Debug|Any CPU
		{B685FBCC-488C-4839-8636-8B034C94B65B}.Debug|Any CPU.Build.0 = Debug|Any CPU
		{B685FBCC-488C-4839-8636-8B034C94B65B}.Debug|Mixed Platforms.ActiveCfg = Debug|Any CPU
		{B685FBCC-488C-4839-8636-8B034C94B65B}.Debug|Mixed Platforms.Build.0 = Debug|Any CPU
		{B685FBCC-488C-4839-8636-8B034C94B65B}.Debug|x86.ActiveCfg = Debug|Any CPU
		{B685FBCC-488C-4839-8636-8B034C94B65B}.Release|Any CPU.ActiveCfg = Release|Any CPU
		{B685FBCC-488C-4839-8636-8B034C94B65B}.Release|Any CPU.Build.0 = Release|Any CPU
		{B685FBCC-488C-4839-8636-8B034C94B65B}.Release|Mixed Platforms.ActiveCfg = Release|Any CPU
		{B685FBCC-488C-4839-8636-8B034C94B65B}.Release|Mixed Platforms.Build.0 = Release|Any CPU
		{B685FBCC-488C-4839-8636-8B034C94B65B}.Release|x86.ActiveCfg = Release|Any CPU
	EndGlobalSection
	GlobalSection(SolutionProperties) = preSolution
		HideSolutionNode = FALSE
	EndGlobalSection
EndGlobal
